
Microsoft Visual Studio Solution File, Format Version 12.00
# Visual Studio Version 16
VisualStudioVersion = 16.0.35325.158
MinimumVisualStudioVersion = 10.0.40219.1
Project("{FAE04EC0-301F-11D3-BF4B-00C04F79EFBC}") = "electronikApp", "electronikApp\electronikApp.csproj", "{8F3D9782-F622-4481-BA44-2C093858D6A2}"
EndProject
Project("{FAE04EC0-301F-11D3-BF4B-00C04F79EFBC}") = "ClassLibrary", "ClassLibrary\ClassLibrary.csproj", "{FACAAB4B-6062-416D-B276-51889C177B4A}"
EndProject
Global
	GlobalSection(SolutionConfigurationPlatforms) = preSolution
		Debug|Any CPU = Debug|Any CPU
		Release|Any CPU = Release|Any CPU
	EndGlobalSection
	GlobalSection(ProjectConfigurationPlatforms) = postSolution
		{8F3D9782-F622-4481-BA44-2C093858D6A2}.Debug|Any CPU.ActiveCfg = Debug|Any CPU
		{8F3D9782-F622-4481-BA44-2C093858D6A2}.Debug|Any CPU.Build.0 = Debug|Any CPU
		{8F3D9782-F622-4481-BA44-2C093858D6A2}.Release|Any CPU.ActiveCfg = Release|Any CPU
		{8F3D9782-F622-4481-BA44-2C093858D6A2}.Release|Any CPU.Build.0 = Release|Any CPU
		{FACAAB4B-6062-416D-B276-51889C177B4A}.Debug|Any CPU.ActiveCfg = Debug|Any CPU
		{FACAAB4B-6062-416D-B276-51889C177B4A}.Debug|Any CPU.Build.0 = Debug|Any CPU
		{FACAAB4B-6062-416D-B276-51889C177B4A}.Release|Any CPU.ActiveCfg = Release|Any CPU
		{FACAAB4B-6062-416D-B276-51889C177B4A}.Release|Any CPU.Build.0 = Release|Any CPU
	EndGlobalSection
	GlobalSection(SolutionProperties) = preSolution
		HideSolutionNode = FALSE
	EndGlobalSection
	GlobalSection(ExtensibilityGlobals) = postSolution
		SolutionGuid = {E3BE41E1-A86B-4849-B3CC-528A09D35DDC}
	EndGlobalSection
EndGlobal
